PODS:
  - JAMSVGImage (1.6.1)
  - JSONAPI (1.0.7)
  - Nocilla (0.11.0)
  - OCMock (3.4)
  - Pushwoosh (5.3.1)
  - SDWebImage (3.8.2):
    - SDWebImage/Core (= 3.8.2)
  - SDWebImage/Core (3.8.2)
  - XamoomSDK (3.10.6):
    - XamoomSDK/Core (= 3.10.6)
  - XamoomSDK/Core (3.10.6):
    - JAMSVGImage
    - JSONAPI (~> 1.0.7)
    - SDWebImage (~> 3.7)

DEPENDENCIES:
  - JAMSVGImage
  - JSONAPI (~> 1.0.0)
  - Nocilla
  - OCMock (~> 3.2)
  - Pushwoosh
  - SDWebImage (~> 3.7)
  - XamoomSDK (from `./`)

SPEC REPOS:
  https://github.com/cocoapods/specs.git:
    - JAMSVGImage
    - JSONAPI
    - Nocilla
    - OCMock
    - Pushwoosh
    - SDWebImage

EXTERNAL SOURCES:
  XamoomSDK:
    :path: "./"

SPEC CHECKSUMS:
  JAMSVGImage: 7aa966a310ddf5f53de295d5ce5b930df8ff1eb2
  JSONAPI: 8fed55fcfa08ee662674cd4f1bd03c37d8b34e03
  Nocilla: 7af7a386071150cc8aa5da4da97d060f049dd61c
  OCMock: 35ae71d6a8fcc1b59434d561d1520b9dd4f15765
  Pushwoosh: 63ece3b160161aa7ce2926f864b2c5d7f0416615
  SDWebImage: 098e97e6176540799c27e804c96653ee0833d13c
  XamoomSDK: 3264cda377fccc23de4df2339b047aff495126fb

PODFILE CHECKSUM: a74b88078fe72b50bb7ef3888220ae21a20570c2

COCOAPODS: 1.5.3
