// !$*UTF8*$!
{
	archiveVersion = 1;
	classes = {
	};
	objectVersion = 46;
	objects = {

/* Begin PBXBuildFile section */
		8830FED41DB629830072DCAC /* DetailViewController.m in Sources */ = {isa = PBXBuildFile; fileRef = 8830FED31DB629830072DCAC /* DetailViewController.m */; };
		8885C54227EA08F3000215CE /* libPods-Example.a in Frameworks */ = {isa = PBXBuildFile; fileRef = 8885C54127EA08F3000215CE /* libPods-Example.a */; };
		8888DDEA1C47B16C0050A84C /* main.m in Sources */ = {isa = PBXBuildFile; fileRef = 8888DDE91C47B16C0050A84C /* main.m */; };
		8888DDED1C47B16C0050A84C /* AppDelegate.m in Sources */ = {isa = PBXBuildFile; fileRef = 8888DDEC1C47B16C0050A84C /* AppDelegate.m */; };
		8888DDF01C47B16C0050A84C /* ViewController.m in Sources */ = {isa = PBXBuildFile; fileRef = 8888DDEF1C47B16C0050A84C /* ViewController.m */; };
		8888DDF31C47B16C0050A84C /* Main.storyboard in Resources */ = {isa = PBXBuildFile; fileRef = 8888DDF11C47B16C0050A84C /* Main.storyboard */; };
		8888DDF51C47B16C0050A84C /* Assets.xcassets in Resources */ = {isa = PBXBuildFile; fileRef = 8888DDF41C47B16C0050A84C /* Assets.xcassets */; };
		8888DDF81C47B16C0050A84C /* LaunchScreen.storyboard in Resources */ = {isa = PBXBuildFile; fileRef = 8888DDF61C47B16C0050A84C /* LaunchScreen.storyboard */; };
		8888DE031C47B16C0050A84C /* ExampleTests.m in Sources */ = {isa = PBXBuildFile; fileRef = 8888DE021C47B16C0050A84C /* ExampleTests.m */; };
		88F6B9B01E38A8DD00877F15 /* TestingIDs.plist in Resources */ = {isa = PBXBuildFile; fileRef = 88F6B9AF1E38A8DD00877F15 /* TestingIDs.plist */; };
/* End PBXBuildFile section */

/* Begin PBXContainerItemProxy section */
		8888DDFF1C47B16C0050A84C /* PBXContainerItemProxy */ = {
			isa = PBXContainerItemProxy;
			containerPortal = 8888DDDD1C47B16C0050A84C /* Project object */;
			proxyType = 1;
			remoteGlobalIDString = 8888DDE41C47B16C0050A84C;
			remoteInfo = Example;
		};
/* End PBXContainerItemProxy section */

/* Begin PBXFileReference section */
		313816EF563451B31C40BCB4 /* libPods-Example.a */ = {isa = PBXFileReference; explicitFileType = archive.ar; includeInIndex = 0; path = "libPods-Example.a"; sourceTree = BUILT_PRODUCTS_DIR; };
		3A4A59B5ECE0655ADD75139F /* Pods-Example.debug.xcconfig */ = {isa = PBXFileReference; includeInIndex = 1; lastKnownFileType = text.xcconfig; name = "Pods-Example.debug.xcconfig"; path = "../Pods/Target Support Files/Pods-Example/Pods-Example.debug.xcconfig"; sourceTree = "<group>"; };
		8830FED21DB629830072DCAC /* DetailViewController.h */ = {isa = PBXFileReference; fileEncoding = 4; lastKnownFileType = sourcecode.c.h; path = DetailViewController.h; sourceTree = "<group>"; };
		8830FED31DB629830072DCAC /* DetailViewController.m */ = {isa = PBXFileReference; fileEncoding = 4; lastKnownFileType = sourcecode.c.objc; path = DetailViewController.m; sourceTree = "<group>"; };
		884DC2891C6A008D00E11E0A /* CoreText.framework */ = {isa = PBXFileReference; lastKnownFileType = wrapper.framework; name = CoreText.framework; path = System/Library/Frameworks/CoreText.framework; sourceTree = SDKROOT; };
		884DC28B1C6A009300E11E0A /* CoreImage.framework */ = {isa = PBXFileReference; lastKnownFileType = wrapper.framework; name = CoreImage.framework; path = System/Library/Frameworks/CoreImage.framework; sourceTree = SDKROOT; };
		884DC28D1C6A00AA00E11E0A /* QuartzCore.framework */ = {isa = PBXFileReference; lastKnownFileType = wrapper.framework; name = QuartzCore.framework; path = System/Library/Frameworks/QuartzCore.framework; sourceTree = SDKROOT; };
		884DC28F1C6A00B000E11E0A /* CoreGraphics.framework */ = {isa = PBXFileReference; lastKnownFileType = wrapper.framework; name = CoreGraphics.framework; path = System/Library/Frameworks/CoreGraphics.framework; sourceTree = SDKROOT; };
		884DC2911C6A00B700E11E0A /* UIKit.framework */ = {isa = PBXFileReference; lastKnownFileType = wrapper.framework; name = UIKit.framework; path = System/Library/Frameworks/UIKit.framework; sourceTree = SDKROOT; };
		884DC2931C6A00F400E11E0A /* libxml2.tbd */ = {isa = PBXFileReference; lastKnownFileType = "sourcecode.text-based-dylib-definition"; name = libxml2.tbd; path = usr/lib/libxml2.tbd; sourceTree = SDKROOT; };
		8885C54127EA08F3000215CE /* libPods-Example.a */ = {isa = PBXFileReference; explicitFileType = archive.ar; path = "libPods-Example.a"; sourceTree = BUILT_PRODUCTS_DIR; };
		8888DDE51C47B16C0050A84C /* Example.app */ = {isa = PBXFileReference; explicitFileType = wrapper.application; includeInIndex = 0; path = Example.app; sourceTree = BUILT_PRODUCTS_DIR; };
		8888DDE91C47B16C0050A84C /* main.m */ = {isa = PBXFileReference; lastKnownFileType = sourcecode.c.objc; path = main.m; sourceTree = "<group>"; };
		8888DDEB1C47B16C0050A84C /* AppDelegate.h */ = {isa = PBXFileReference; lastKnownFileType = sourcecode.c.h; path = AppDelegate.h; sourceTree = "<group>"; };
		8888DDEC1C47B16C0050A84C /* AppDelegate.m */ = {isa = PBXFileReference; lastKnownFileType = sourcecode.c.objc; path = AppDelegate.m; sourceTree = "<group>"; };
		8888DDEE1C47B16C0050A84C /* ViewController.h */ = {isa = PBXFileReference; lastKnownFileType = sourcecode.c.h; path = ViewController.h; sourceTree = "<group>"; };
		8888DDEF1C47B16C0050A84C /* ViewController.m */ = {isa = PBXFileReference; lastKnownFileType = sourcecode.c.objc; path = ViewController.m; sourceTree = "<group>"; };
		8888DDF21C47B16C0050A84C /* Base */ = {isa = PBXFileReference; lastKnownFileType = file.storyboard; name = Base; path = Base.lproj/Main.storyboard; sourceTree = "<group>"; };
		8888DDF41C47B16C0050A84C /* Assets.xcassets */ = {isa = PBXFileReference; lastKnownFileType = folder.assetcatalog; path = Assets.xcassets; sourceTree = "<group>"; };
		8888DDF71C47B16C0050A84C /* Base */ = {isa = PBXFileReference; lastKnownFileType = file.storyboard; name = Base; path = Base.lproj/LaunchScreen.storyboard; sourceTree = "<group>"; };
		8888DDF91C47B16C0050A84C /* Info.plist */ = {isa = PBXFileReference; lastKnownFileType = text.plist.xml; path = Info.plist; sourceTree = "<group>"; };
		8888DDFE1C47B16C0050A84C /* ExampleTests.xctest */ = {isa = PBXFileReference; explicitFileType = wrapper.cfbundle; includeInIndex = 0; path = ExampleTests.xctest; sourceTree = BUILT_PRODUCTS_DIR; };
		8888DE021C47B16C0050A84C /* ExampleTests.m */ = {isa = PBXFileReference; lastKnownFileType = sourcecode.c.objc; path = ExampleTests.m; sourceTree = "<group>"; };
		8888DE041C47B16C0050A84C /* Info.plist */ = {isa = PBXFileReference; lastKnownFileType = text.plist.xml; path = Info.plist; sourceTree = "<group>"; };
		889BA3E11F01496D004AC15D /* Example.entitlements */ = {isa = PBXFileReference; lastKnownFileType = text.plist.entitlements; path = Example.entitlements; sourceTree = "<group>"; };
		889BA3E21F014A89004AC15D /* libz.tbd */ = {isa = PBXFileReference; lastKnownFileType = "sourcecode.text-based-dylib-definition"; name = libz.tbd; path = usr/lib/libz.tbd; sourceTree = SDKROOT; };
		889BA3E41F014A95004AC15D /* libc++.tbd */ = {isa = PBXFileReference; lastKnownFileType = "sourcecode.text-based-dylib-definition"; name = "libc++.tbd"; path = "usr/lib/libc++.tbd"; sourceTree = SDKROOT; };
		889BA3EC1F0254C5004AC15D /* libstdc++.tbd */ = {isa = PBXFileReference; lastKnownFileType = "sourcecode.text-based-dylib-definition"; name = "libstdc++.tbd"; path = "usr/lib/libstdc++.tbd"; sourceTree = SDKROOT; };
		88C1D4861FBC8B1000DB9381 /* de */ = {isa = PBXFileReference; lastKnownFileType = text.plist.strings; name = de; path = de.lproj/Main.strings; sourceTree = "<group>"; };
		88C1D4871FBC8B1000DB9381 /* de */ = {isa = PBXFileReference; lastKnownFileType = text.plist.strings; name = de; path = de.lproj/LaunchScreen.strings; sourceTree = "<group>"; };
		88F6B9AF1E38A8DD00877F15 /* TestingIDs.plist */ = {isa = PBXFileReference; fileEncoding = 4; lastKnownFileType = text.plist.xml; path = TestingIDs.plist; sourceTree = "<group>"; };
		BF84ED9500E8E5CC18C12CD9 /* Pods-Example.release.xcconfig */ = {isa = PBXFileReference; includeInIndex = 1; lastKnownFileType = text.xcconfig; name = "Pods-Example.release.xcconfig"; path = "../Pods/Target Support Files/Pods-Example/Pods-Example.release.xcconfig"; sourceTree = "<group>"; };
/* End PBXFileReference section */

/* Begin PBXFrameworksBuildPhase section */
		8888DDE21C47B16C0050A84C /* Frameworks */ = {
			isa = PBXFrameworksBuildPhase;
			buildActionMask = 2147483647;
			files = (
				8885C54227EA08F3000215CE /* libPods-Example.a in Frameworks */,
			);
			runOnlyForDeploymentPostprocessing = 0;
		};
		8888DDFB1C47B16C0050A84C /* Frameworks */ = {
			isa = PBXFrameworksBuildPhase;
			buildActionMask = 2147483647;
			files = (
			);
			runOnlyForDeploymentPostprocessing = 0;
		};
/* End PBXFrameworksBuildPhase section */

/* Begin PBXGroup section */
		8888DDDC1C47B16C0050A84C = {
			isa = PBXGroup;
			children = (
				8888DDE71C47B16C0050A84C /* Example */,
				8888DE011C47B16C0050A84C /* ExampleTests */,
				8888DDE61C47B16C0050A84C /* Products */,
				B859E13EE51FE421D4BD706E /* Pods */,
				FAD4F0CB5257250FC7B3BBA1 /* Frameworks */,
			);
			sourceTree = "<group>";
		};
		8888DDE61C47B16C0050A84C /* Products */ = {
			isa = PBXGroup;
			children = (
				8888DDE51C47B16C0050A84C /* Example.app */,
				8888DDFE1C47B16C0050A84C /* ExampleTests.xctest */,
			);
			name = Products;
			sourceTree = "<group>";
		};
		8888DDE71C47B16C0050A84C /* Example */ = {
			isa = PBXGroup;
			children = (
				889BA3E11F01496D004AC15D /* Example.entitlements */,
				8888DDEB1C47B16C0050A84C /* AppDelegate.h */,
				8888DDEC1C47B16C0050A84C /* AppDelegate.m */,
				8888DDEE1C47B16C0050A84C /* ViewController.h */,
				8888DDEF1C47B16C0050A84C /* ViewController.m */,
				8830FED21DB629830072DCAC /* DetailViewController.h */,
				8830FED31DB629830072DCAC /* DetailViewController.m */,
				8888DDF11C47B16C0050A84C /* Main.storyboard */,
				8888DDF41C47B16C0050A84C /* Assets.xcassets */,
				8888DDF61C47B16C0050A84C /* LaunchScreen.storyboard */,
				8888DDF91C47B16C0050A84C /* Info.plist */,
				88F6B9AF1E38A8DD00877F15 /* TestingIDs.plist */,
				8888DDE81C47B16C0050A84C /* Supporting Files */,
			);
			path = Example;
			sourceTree = "<group>";
		};
		8888DDE81C47B16C0050A84C /* Supporting Files */ = {
			isa = PBXGroup;
			children = (
				8888DDE91C47B16C0050A84C /* main.m */,
			);
			name = "Supporting Files";
			sourceTree = "<group>";
		};
		8888DE011C47B16C0050A84C /* ExampleTests */ = {
			isa = PBXGroup;
			children = (
				8888DE021C47B16C0050A84C /* ExampleTests.m */,
				8888DE041C47B16C0050A84C /* Info.plist */,
			);
			path = ExampleTests;
			sourceTree = "<group>";
		};
		B859E13EE51FE421D4BD706E /* Pods */ = {
			isa = PBXGroup;
			children = (
				3A4A59B5ECE0655ADD75139F /* Pods-Example.debug.xcconfig */,
				BF84ED9500E8E5CC18C12CD9 /* Pods-Example.release.xcconfig */,
			);
			name = Pods;
			sourceTree = "<group>";
		};
		FAD4F0CB5257250FC7B3BBA1 /* Frameworks */ = {
			isa = PBXGroup;
			children = (
				8885C54127EA08F3000215CE /* libPods-Example.a */,
				889BA3EC1F0254C5004AC15D /* libstdc++.tbd */,
				889BA3E41F014A95004AC15D /* libc++.tbd */,
				889BA3E21F014A89004AC15D /* libz.tbd */,
				884DC2931C6A00F400E11E0A /* libxml2.tbd */,
				884DC2911C6A00B700E11E0A /* UIKit.framework */,
				884DC28F1C6A00B000E11E0A /* CoreGraphics.framework */,
				884DC28D1C6A00AA00E11E0A /* QuartzCore.framework */,
				884DC28B1C6A009300E11E0A /* CoreImage.framework */,
				884DC2891C6A008D00E11E0A /* CoreText.framework */,
				313816EF563451B31C40BCB4 /* libPods-Example.a */,
			);
			name = Frameworks;
			sourceTree = "<group>";
		};
/* End PBXGroup section */

/* Begin PBXNativeTarget section */
		8888DDE41C47B16C0050A84C /* Example */ = {
			isa = PBXNativeTarget;
			buildConfigurationList = 8888DE071C47B16C0050A84C /* Build configuration list for PBXNativeTarget "Example" */;
			buildPhases = (
				82FD29C0A89075B77CEB6B2A /* [CP] Check Pods Manifest.lock */,
				8888DDE11C47B16C0050A84C /* Sources */,
				8888DDE21C47B16C0050A84C /* Frameworks */,
				8888DDE31C47B16C0050A84C /* Resources */,
				92F3921F42778949D0812A1B /* [CP] Embed Pods Frameworks */,
				20E8C3182D19591F546E7D3B /* [CP] Copy Pods Resources */,
			);
			buildRules = (
			);
			dependencies = (
			);
			name = Example;
			productName = Example;
			productReference = 8888DDE51C47B16C0050A84C /* Example.app */;
			productType = "com.apple.product-type.application";
		};
		8888DDFD1C47B16C0050A84C /* ExampleTests */ = {
			isa = PBXNativeTarget;
			buildConfigurationList = 8888DE0A1C47B16C0050A84C /* Build configuration list for PBXNativeTarget "ExampleTests" */;
			buildPhases = (
				8888DDFA1C47B16C0050A84C /* Sources */,
				8888DDFB1C47B16C0050A84C /* Frameworks */,
				8888DDFC1C47B16C0050A84C /* Resources */,
			);
			buildRules = (
			);
			dependencies = (
				8888DE001C47B16C0050A84C /* PBXTargetDependency */,
			);
			name = ExampleTests;
			productName = ExampleTests;
			productReference = 8888DDFE1C47B16C0050A84C /* ExampleTests.xctest */;
			productType = "com.apple.product-type.bundle.unit-test";
		};
/* End PBXNativeTarget section */

/* Begin PBXProject section */
		8888DDDD1C47B16C0050A84C /* Project object */ = {
			isa = PBXProject;
			attributes = {
				LastUpgradeCheck = 0900;
				ORGANIZATIONNAME = "xamoom GmbH";
				TargetAttributes = {
					8888DDE41C47B16C0050A84C = {
						CreatedOnToolsVersion = 7.2;
						DevelopmentTeam = 55MDUF7392;
						ProvisioningStyle = Manual;
						SystemCapabilities = {
							com.apple.BackgroundModes = {
								enabled = 1;
							};
							com.apple.Push = {
								enabled = 1;
							};
						};
					};
					8888DDFD1C47B16C0050A84C = {
						CreatedOnToolsVersion = 7.2;
						TestTargetID = 8888DDE41C47B16C0050A84C;
					};
				};
			};
			buildConfigurationList = 8888DDE01C47B16C0050A84C /* Build configuration list for PBXProject "example" */;
			compatibilityVersion = "Xcode 3.2";
			developmentRegion = English;
			hasScannedForEncodings = 0;
			knownRegions = (
				English,
				en,
				Base,
				de,
			);
			mainGroup = 8888DDDC1C47B16C0050A84C;
			productRefGroup = 8888DDE61C47B16C0050A84C /* Products */;
			projectDirPath = "";
			projectRoot = "";
			targets = (
				8888DDE41C47B16C0050A84C /* Example */,
				8888DDFD1C47B16C0050A84C /* ExampleTests */,
			);
		};
/* End PBXProject section */

/* Begin PBXResourcesBuildPhase section */
		8888DDE31C47B16C0050A84C /* Resources */ = {
			isa = PBXResourcesBuildPhase;
			buildActionMask = 2147483647;
			files = (
				88F6B9B01E38A8DD00877F15 /* TestingIDs.plist in Resources */,
				8888DDF81C47B16C0050A84C /* LaunchScreen.storyboard in Resources */,
				8888DDF51C47B16C0050A84C /* Assets.xcassets in Resources */,
				8888DDF31C47B16C0050A84C /* Main.storyboard in Resources */,
			);
			runOnlyForDeploymentPostprocessing = 0;
		};
		8888DDFC1C47B16C0050A84C /* Resources */ = {
			isa = PBXResourcesBuildPhase;
			buildActionMask = 2147483647;
			files = (
			);
			runOnlyForDeploymentPostprocessing = 0;
		};
/* End PBXResourcesBuildPhase section */

/* Begin PBXShellScriptBuildPhase section */
		20E8C3182D19591F546E7D3B /* [CP] Copy Pods Resources */ = {
			isa = PBXShellScriptBuildPhase;
			buildActionMask = 2147483647;
			files = (
			);
			inputPaths = (
				"${PODS_ROOT}/Target Support Files/Pods-Example/Pods-Example-resources.sh",
				"${PODS_ROOT}/../XamoomSDK/Assets/Images.xcassets",
				"${PODS_CONFIGURATION_BUILD_DIR}/XamoomSDK/XamoomSDK.bundle",
			);
			name = "[CP] Copy Pods Resources";
			outputPaths = (
				"${TARGET_BUILD_DIR}/${UNLOCALIZED_RESOURCES_FOLDER_PATH}/Assets.car",
				"${TARGET_BUILD_DIR}/${UNLOCALIZED_RESOURCES_FOLDER_PATH}/XamoomSDK.bundle",
			);
			runOnlyForDeploymentPostprocessing = 0;
			shellPath = /bin/sh;
			shellScript = "\"${PODS_ROOT}/Target Support Files/Pods-Example/Pods-Example-resources.sh\"\n";
		};
		82FD29C0A89075B77CEB6B2A /* [CP] Check Pods Manifest.lock */ = {
			isa = PBXShellScriptBuildPhase;
			buildActionMask = 2147483647;
			files = (
			);
			inputFileListPaths = (
			);
			inputPaths = (
				"${PODS_PODFILE_DIR_PATH}/Podfile.lock",
				"${PODS_ROOT}/Manifest.lock",
			);
			name = "[CP] Check Pods Manifest.lock";
			outputFileListPaths = (
			);
			outputPaths = (
				"$(DERIVED_FILE_DIR)/Pods-Example-checkManifestLockResult.txt",
			);
			runOnlyForDeploymentPostprocessing = 0;
			shellPath = /bin/sh;
			shellScript = "diff \"${PODS_PODFILE_DIR_PATH}/Podfile.lock\" \"${PODS_ROOT}/Manifest.lock\" > /dev/null\nif [ $? != 0 ] ; then\n    # print error to STDERR\n    echo \"error: The sandbox is not in sync with the Podfile.lock. Run 'pod install' or update your CocoaPods installation.\" >&2\n    exit 1\nfi\n# This output is used by Xcode 'outputs' to avoid re-running this script phase.\necho \"SUCCESS\" > \"${SCRIPT_OUTPUT_FILE_0}\"\n";
			showEnvVarsInLog = 0;
		};
		92F3921F42778949D0812A1B /* [CP] Embed Pods Frameworks */ = {
			isa = PBXShellScriptBuildPhase;
			buildActionMask = 2147483647;
			files = (
			);
			inputPaths = (
				"${PODS_ROOT}/Target Support Files/Pods-Example/Pods-Example-frameworks.sh",
				"${PODS_ROOT}/Mapbox-iOS-SDK/dynamic/Mapbox.framework",
			);
			name = "[CP] Embed Pods Frameworks";
			outputPaths = (
				"${TARGET_BUILD_DIR}/${FRAMEWORKS_FOLDER_PATH}/Mapbox.framework",
			);
			runOnlyForDeploymentPostprocessing = 0;
			shellPath = /bin/sh;
			shellScript = "\"${PODS_ROOT}/Target Support Files/Pods-Example/Pods-Example-frameworks.sh\"\n";
			showEnvVarsInLog = 0;
		};
/* End PBXShellScriptBuildPhase section */

/* Begin PBXSourcesBuildPhase section */
		8888DDE11C47B16C0050A84C /* Sources */ = {
			isa = PBXSourcesBuildPhase;
			buildActionMask = 2147483647;
			files = (
				8888DDF01C47B16C0050A84C /* ViewController.m in Sources */,
				8888DDED1C47B16C0050A84C /* AppDelegate.m in Sources */,
				8888DDEA1C47B16C0050A84C /* main.m in Sources */,
				8830FED41DB629830072DCAC /* DetailViewController.m in Sources */,
			);
			runOnlyForDeploymentPostprocessing = 0;
		};
		8888DDFA1C47B16C0050A84C /* Sources */ = {
			isa = PBXSourcesBuildPhase;
			buildActionMask = 2147483647;
			files = (
				8888DE031C47B16C0050A84C /* ExampleTests.m in Sources */,
			);
			runOnlyForDeploymentPostprocessing = 0;
		};
/* End PBXSourcesBuildPhase section */

/* Begin PBXTargetDependency section */
		8888DE001C47B16C0050A84C /* PBXTargetDependency */ = {
			isa = PBXTargetDependency;
			target = 8888DDE41C47B16C0050A84C /* Example */;
			targetProxy = 8888DDFF1C47B16C0050A84C /* PBXContainerItemProxy */;
		};
/* End PBXTargetDependency section */

/* Begin PBXVariantGroup section */
		8888DDF11C47B16C0050A84C /* Main.storyboard */ = {
			isa = PBXVariantGroup;
			children = (
				8888DDF21C47B16C0050A84C /* Base */,
				88C1D4861FBC8B1000DB9381 /* de */,
			);
			name = Main.storyboard;
			sourceTree = "<group>";
		};
		8888DDF61C47B16C0050A84C /* LaunchScreen.storyboard */ = {
			isa = PBXVariantGroup;
			children = (
				8888DDF71C47B16C0050A84C /* Base */,
				88C1D4871FBC8B1000DB9381 /* de */,
			);
			name = LaunchScreen.storyboard;
			sourceTree = "<group>";
		};
/* End PBXVariantGroup section */

/* Begin XCBuildConfiguration section */
		8888DE051C47B16C0050A84C /* Debug */ = {
			isa = XCBuildConfiguration;
			buildSettings = {
				ALWAYS_SEARCH_USER_PATHS = NO;
				CLANG_ANALYZER_LOCALIZABILITY_NONLOCALIZED = YES;
				CLANG_CXX_LANGUAGE_STANDARD = "gnu++0x";
				CLANG_CXX_LIBRARY = "libc++";
				CLANG_ENABLE_MODULES = YES;
				CLANG_ENABLE_OBJC_ARC = YES;
				CLANG_WARN_BLOCK_CAPTURE_AUTORELEASING = YES;
				CLANG_WARN_BOOL_CONVERSION = YES;
				CLANG_WARN_COMMA = YES;
				CLANG_WARN_CONSTANT_CONVERSION = YES;
				CLANG_WARN_DIRECT_OBJC_ISA_USAGE = YES_ERROR;
				CLANG_WARN_EMPTY_BODY = YES;
				CLANG_WARN_ENUM_CONVERSION = YES;
				CLANG_WARN_INFINITE_RECURSION = YES;
				CLANG_WARN_INT_CONVERSION = YES;
				CLANG_WARN_NON_LITERAL_NULL_CONVERSION = YES;
				CLANG_WARN_OBJC_LITERAL_CONVERSION = YES;
				CLANG_WARN_OBJC_ROOT_CLASS = YES_ERROR;
				CLANG_WARN_RANGE_LOOP_ANALYSIS = YES;
				CLANG_WARN_STRICT_PROTOTYPES = YES;
				CLANG_WARN_SUSPICIOUS_MOVE = YES;
				CLANG_WARN_UNREACHABLE_CODE = YES;
				CLANG_WARN__DUPLICATE_METHOD_MATCH = YES;
				"CODE_SIGN_IDENTITY[sdk=iphoneos*]" = "iPhone Developer";
				COPY_PHASE_STRIP = NO;
				DEBUG_INFORMATION_FORMAT = dwarf;
				ENABLE_STRICT_OBJC_MSGSEND = YES;
				ENABLE_TESTABILITY = YES;
				GCC_C_LANGUAGE_STANDARD = gnu99;
				GCC_DYNAMIC_NO_PIC = NO;
				GCC_NO_COMMON_BLOCKS = YES;
				GCC_OPTIMIZATION_LEVEL = 0;
				GCC_PREPROCESSOR_DEFINITIONS = (
					"DEBUG=1",
					"$(inherited)",
				);
				GCC_WARN_64_TO_32_BIT_CONVERSION = YES;
				GCC_WARN_ABOUT_RETURN_TYPE = YES_ERROR;
				GCC_WARN_UNDECLARED_SELECTOR = YES;
				GCC_WARN_UNINITIALIZED_AUTOS = YES_AGGRESSIVE;
				GCC_WARN_UNUSED_FUNCTION = YES;
				GCC_WARN_UNUSED_VARIABLE = YES;
				IPHONEOS_DEPLOYMENT_TARGET = 9.2;
				MTL_ENABLE_DEBUG_INFO = YES;
				ONLY_ACTIVE_ARCH = YES;
				SDKROOT = iphoneos;
			};
			name = Debug;
		};
		8888DE061C47B16C0050A84C /* Release */ = {
			isa = XCBuildConfiguration;
			buildSettings = {
				ALWAYS_SEARCH_USER_PATHS = NO;
				CLANG_ANALYZER_LOCALIZABILITY_NONLOCALIZED = YES;
				CLANG_CXX_LANGUAGE_STANDARD = "gnu++0x";
				CLANG_CXX_LIBRARY = "libc++";
				CLANG_ENABLE_MODULES = YES;
				CLANG_ENABLE_OBJC_ARC = YES;
				CLANG_WARN_BLOCK_CAPTURE_AUTORELEASING = YES;
				CLANG_WARN_BOOL_CONVERSION = YES;
				CLANG_WARN_COMMA = YES;
				CLANG_WARN_CONSTANT_CONVERSION = YES;
				CLANG_WARN_DIRECT_OBJC_ISA_USAGE = YES_ERROR;
				CLANG_WARN_EMPTY_BODY = YES;
				CLANG_WARN_ENUM_CONVERSION = YES;
				CLANG_WARN_INFINITE_RECURSION = YES;
				CLANG_WARN_INT_CONVERSION = YES;
				CLANG_WARN_NON_LITERAL_NULL_CONVERSION = YES;
				CLANG_WARN_OBJC_LITERAL_CONVERSION = YES;
				CLANG_WARN_OBJC_ROOT_CLASS = YES_ERROR;
				CLANG_WARN_RANGE_LOOP_ANALYSIS = YES;
				CLANG_WARN_STRICT_PROTOTYPES = YES;
				CLANG_WARN_SUSPICIOUS_MOVE = YES;
				CLANG_WARN_UNREACHABLE_CODE = YES;
				CLANG_WARN__DUPLICATE_METHOD_MATCH = YES;
				"CODE_SIGN_IDENTITY[sdk=iphoneos*]" = "iPhone Developer";
				COPY_PHASE_STRIP = NO;
				DEBUG_INFORMATION_FORMAT = "dwarf-with-dsym";
				ENABLE_NS_ASSERTIONS = NO;
				ENABLE_STRICT_OBJC_MSGSEND = YES;
				GCC_C_LANGUAGE_STANDARD = gnu99;
				GCC_NO_COMMON_BLOCKS = YES;
				GCC_WARN_64_TO_32_BIT_CONVERSION = YES;
				GCC_WARN_ABOUT_RETURN_TYPE = YES_ERROR;
				GCC_WARN_UNDECLARED_SELECTOR = YES;
				GCC_WARN_UNINITIALIZED_AUTOS = YES_AGGRESSIVE;
				GCC_WARN_UNUSED_FUNCTION = YES;
				GCC_WARN_UNUSED_VARIABLE = YES;
				IPHONEOS_DEPLOYMENT_TARGET = 9.2;
				MTL_ENABLE_DEBUG_INFO = NO;
				SDKROOT = iphoneos;
				VALIDATE_PRODUCT = YES;
			};
			name = Release;
		};
		8888DE081C47B16C0050A84C /* Debug */ = {
			isa = XCBuildConfiguration;
			baseConfigurationReference = 3A4A59B5ECE0655ADD75139F /* Pods-Example.debug.xcconfig */;
			buildSettings = {
				ASSETCATALOG_COMPILER_APPICON_NAME = AppIcon;
				CODE_SIGN_ENTITLEMENTS = Example/Example.entitlements;
				CODE_SIGN_IDENTITY = "iPhone Developer: Bruno Hautzenberger (L86QBJXNW2)";
				"CODE_SIGN_IDENTITY[sdk=iphoneos*]" = "iPhone Developer: Bruno Hautzenberger (L86QBJXNW2)";
				DEVELOPMENT_TEAM = 55MDUF7392;
				INFOPLIST_FILE = Example/Info.plist;
				IPHONEOS_DEPLOYMENT_TARGET = 9.0;
				LD_RUNPATH_SEARCH_PATHS = "$(inherited) @executable_path/Frameworks";
				LIBRARY_SEARCH_PATHS = (
					"$(inherited)",
					"\"$PODS_CONFIGURATION_BUILD_DIR/JAMSVGImage\"",
					"\"$PODS_CONFIGURATION_BUILD_DIR/JSONAPI\"",
					"\"$PODS_CONFIGURATION_BUILD_DIR/SDWebImage\"",
					"\"$PODS_CONFIGURATION_BUILD_DIR/XamoomSDK\"",
				);
				ONLY_ACTIVE_ARCH = YES;
				OTHER_LDFLAGS = (
					"$(inherited)",
					"-ObjC",
					"-l\"JSONAPI\"",
					"-l\"SDWebImage\"",
					"-l\"XamoomSDK\"",
					"-framework",
					"\"AVFoundation\"",
					"-framework",
					"\"ImageIO\"",
				);
				PRODUCT_BUNDLE_IDENTIFIER = com.xamoom.Example;
				PRODUCT_NAME = "$(TARGET_NAME)";
				PROVISIONING_PROFILE = "f917835d-2a18-4dcb-b2fd-fff8d4f7d712";
				PROVISIONING_PROFILE_SPECIFIER = "match Development com.xamoom.Example";
			};
			name = Debug;
		};
		8888DE091C47B16C0050A84C /* Release */ = {
			isa = XCBuildConfiguration;
			baseConfigurationReference = BF84ED9500E8E5CC18C12CD9 /* Pods-Example.release.xcconfig */;
			buildSettings = {
				ASSETCATALOG_COMPILER_APPICON_NAME = AppIcon;
				CODE_SIGN_ENTITLEMENTS = Example/Example.entitlements;
				CODE_SIGN_IDENTITY = "iPhone Developer: Bruno Hautzenberger (L86QBJXNW2)";
				"CODE_SIGN_IDENTITY[sdk=iphoneos*]" = "iPhone Developer: Bruno Hautzenberger (L86QBJXNW2)";
				DEVELOPMENT_TEAM = 55MDUF7392;
				INFOPLIST_FILE = Example/Info.plist;
				IPHONEOS_DEPLOYMENT_TARGET = 9.0;
				LD_RUNPATH_SEARCH_PATHS = "$(inherited) @executable_path/Frameworks";
				LIBRARY_SEARCH_PATHS = (
					"$(inherited)",
					"\"$PODS_CONFIGURATION_BUILD_DIR/JAMSVGImage\"",
					"\"$PODS_CONFIGURATION_BUILD_DIR/JSONAPI\"",
					"\"$PODS_CONFIGURATION_BUILD_DIR/SDWebImage\"",
					"\"$PODS_CONFIGURATION_BUILD_DIR/XamoomSDK\"",
				);
				OTHER_LDFLAGS = (
					"$(inherited)",
					"-ObjC",
					"-l\"JSONAPI\"",
					"-l\"SDWebImage\"",
					"-l\"XamoomSDK\"",
					"-framework",
					"\"AVFoundation\"",
					"-framework",
					"\"ImageIO\"",
				);
				PRODUCT_BUNDLE_IDENTIFIER = com.xamoom.Example;
				PRODUCT_NAME = "$(TARGET_NAME)";
				PROVISIONING_PROFILE = "f917835d-2a18-4dcb-b2fd-fff8d4f7d712";
				PROVISIONING_PROFILE_SPECIFIER = "match Development com.xamoom.Example";
			};
			name = Release;
		};
		8888DE0B1C47B16C0050A84C /* Debug */ = {
			isa = XCBuildConfiguration;
			buildSettings = {
				BUNDLE_LOADER = "$(TEST_HOST)";
				INFOPLIST_FILE = ExampleTests/Info.plist;
				LD_RUNPATH_SEARCH_PATHS = "$(inherited) @executable_path/Frameworks @loader_path/Frameworks";
				PRODUCT_BUNDLE_IDENTIFIER = com.xamoom.ExampleTests;
				PRODUCT_NAME = "$(TARGET_NAME)";
				TEST_HOST = "$(BUILT_PRODUCTS_DIR)/Example.app/Example";
			};
			name = Debug;
		};
		8888DE0C1C47B16C0050A84C /* Release */ = {
			isa = XCBuildConfiguration;
			buildSettings = {
				BUNDLE_LOADER = "$(TEST_HOST)";
				INFOPLIST_FILE = ExampleTests/Info.plist;
				LD_RUNPATH_SEARCH_PATHS = "$(inherited) @executable_path/Frameworks @loader_path/Frameworks";
				PRODUCT_BUNDLE_IDENTIFIER = com.xamoom.ExampleTests;
				PRODUCT_NAME = "$(TARGET_NAME)";
				TEST_HOST = "$(BUILT_PRODUCTS_DIR)/Example.app/Example";
			};
			name = Release;
		};
/* End XCBuildConfiguration section */

/* Begin XCConfigurationList section */
		8888DDE01C47B16C0050A84C /* Build configuration list for PBXProject "example" */ = {
			isa = XCConfigurationList;
			buildConfigurations = (
				8888DE051C47B16C0050A84C /* Debug */,
				8888DE061C47B16C0050A84C /* Release */,
			);
			defaultConfigurationIsVisible = 0;
			defaultConfigurationName = Release;
		};
		8888DE071C47B16C0050A84C /* Build configuration list for PBXNativeTarget "Example" */ = {
			isa = XCConfigurationList;
			buildConfigurations = (
				8888DE081C47B16C0050A84C /* Debug */,
				8888DE091C47B16C0050A84C /* Release */,
			);
			defaultConfigurationIsVisible = 0;
			defaultConfigurationName = Release;
		};
		8888DE0A1C47B16C0050A84C /* Build configuration list for PBXNativeTarget "ExampleTests" */ = {
			isa = XCConfigurationList;
			buildConfigurations = (
				8888DE0B1C47B16C0050A84C /* Debug */,
				8888DE0C1C47B16C0050A84C /* Release */,
			);
			defaultConfigurationIsVisible = 0;
			defaultConfigurationName = Release;
		};
/* End XCConfigurationList section */
	};
	rootObject = 8888DDDD1C47B16C0050A84C /* Project object */;
}
